
Microsoft Visual Studio Solution File, Format Version 12.00
# Visual Studio 2013
VisualStudioVersion = 12.0.30723.0
MinimumVisualStudioVersion = 10.0.40219.1
Project("{159641D6-6404-4A2A-AE62-294DE0FE8301}") = "06 - Containers", "06 - Containers\06 - Containers.dtproj", "{1F120E1C-CAF0-4AC0-97F5-2AEA7CE1A6FB}"
EndProject
Global
	GlobalSection(SolutionConfigurationPlatforms) = preSolution
		Development|Default = Development|Default
	EndGlobalSection
	GlobalSection(ProjectConfigurationPlatforms) = postSolution
		{1F120E1C-CAF0-4AC0-97F5-2AEA7CE1A6FB}.Development|Default.ActiveCfg = Development
		{1F120E1C-CAF0-4AC0-97F5-2AEA7CE1A6FB}.Development|Default.Build.0 = Development
	EndGlobalSection
	GlobalSection(SolutionProperties) = preSolution
		HideSolutionNode = FALSE
	EndGlobalSection
EndGlobal
